
Microsoft Visual Studio Solution File, Format Version 12.00
Project("{FAE04EC0-301F-11D3-BF4B-00C04F79EFBC}") = "NineChronicles.RPC.Server.Executable", "NineChronicles.RPC.Server.Executable\NineChronicles.RPC.Server.Executable.csproj", "{D27C30C4-80D8-4177-9DF5-D8EC3A605AA0}"
EndProject
Project("{FAE04EC0-301F-11D3-BF4B-00C04F79EFBC}") = "NineChronicles.RPC.Shared", "NineChronicles.RPC.Shared\NineChronicles.RPC.Shared\NineChronicles.RPC.Shared.csproj", "{F4EC9588-72B2-4198-95F6-A1C3C1C75D17}"
EndProject
Global
	GlobalSection(SolutionConfigurationPlatforms) = preSolution
		Debug|Any CPU = Debug|Any CPU
		Release|Any CPU = Release|Any CPU
	EndGlobalSection
	GlobalSection(ProjectConfigurationPlatforms) = postSolution
		{D27C30C4-80D8-4177-9DF5-D8EC3A605AA0}.Debug|Any CPU.ActiveCfg = Debug|Any CPU
		{D27C30C4-80D8-4177-9DF5-D8EC3A605AA0}.Debug|Any CPU.Build.0 = Debug|Any CPU
		{D27C30C4-80D8-4177-9DF5-D8EC3A605AA0}.Release|Any CPU.ActiveCfg = Release|Any CPU
		{D27C30C4-80D8-4177-9DF5-D8EC3A605AA0}.Release|Any CPU.Build.0 = Release|Any CPU
		{F4EC9588-72B2-4198-95F6-A1C3C1C75D17}.Debug|Any CPU.ActiveCfg = Debug|Any CPU
		{F4EC9588-72B2-4198-95F6-A1C3C1C75D17}.Debug|Any CPU.Build.0 = Debug|Any CPU
		{F4EC9588-72B2-4198-95F6-A1C3C1C75D17}.Release|Any CPU.ActiveCfg = Release|Any CPU
		{F4EC9588-72B2-4198-95F6-A1C3C1C75D17}.Release|Any CPU.Build.0 = Release|Any CPU
	EndGlobalSection
EndGlobal
